<?xml version="1.0" encoding="utf-8"?>
<Project ToolsVersion="4.0" xmlns="http://schemas.microsoft.com/developer/msbuild/2003">
  <ItemGroup>
    <Filter Include="资源文件">
      <UniqueIdentifier>{67DA6AB6-F800-4c08-8B7A-83BB121AAD01}</UniqueIdentifier>
      <Extensions>rc;ico;cur;bmp;dlg;rc2;rct;bin;rgs;gif;jpg;jpeg;jpe;resx;tiff;tif;png;wav;mfcribbon-ms</Extensions>
    </Filter>
    <Filter Include="代码">
      <UniqueIdentifier>{93995380-89BD-4b04-88EB-625FBE52EBFB}</UniqueIdentifier>
      <Extensions>h;hh;hpp;hxx;hm;inl;inc;xsd</Extensions>
    </Filter>
    <Filter Include="代码\EventModule">
      <UniqueIdentifier>{73eb3f3a-7cfa-48e2-86cd-7d748ecebd76}</UniqueIdentifier>
    </Filter>
    <Filter Include="代码\GameModule">
      <UniqueIdentifier>{ea7f169a-2de2-41d6-9c03-a74747b90200}</UniqueIdentifier>
    </Filter>
    <Filter Include="代码\GlobalModule">
      <UniqueIdentifier>{dd9551bc-fdd6-4022-a9b1-f3a13c93d889}</UniqueIdentifier>
    </Filter>
  </ItemGroup>
  <ItemGroup>
    <ClInclude Include="ISubject.h">
      <Filter>代码\EventModule</Filter>
    </ClInclude>
    <ClInclude Include="IObserver.h">
      <Filter>代码\EventModule</Filter>
    </ClInclude>
    <ClInclude Include="Subject.h">
      <Filter>代码\EventModule</Filter>
    </ClInclude>
    <ClInclude Include="EventDef.h">
      <Filter>代码\EventModule</Filter>
    </ClInclude>
    <ClInclude Include="GlobalData.h">
      <Filter>代码\GlobalModule</Filter>
    </ClInclude>
    <ClInclude Include="IGlobalData.h">
      <Filter>代码\GlobalModule</Filter>
    </ClInclude>
  </ItemGroup>
  <ItemGroup>
    <ClCompile Include="Subject.cpp">
      <Filter>代码\EventModule</Filter>
    </ClCompile>
    <ClCompile Include="GlobalData.cpp">
      <Filter>代码\GlobalModule</Filter>
    </ClCompile>
    <ClCompile Include="main.cpp">
      <Filter>代码</Filter>
    </ClCompile>
  </ItemGroup>
</Project>